// !$*UTF8*$!
{
	archiveVersion = 1;
	classes = {
	};
	objectVersion = 77;
	objects = {

/* Begin PBXBuildFile section */
		1392DB8E2E38232500C55169 /* UniformTypeIdentifiers.framework in Frameworks */ = {isa = PBXBuildFile; fileRef = 1392DB8D2E38232500C55169 /* UniformTypeIdentifiers.framework */; };
		1392DB9A2E38232500C55169 /* SFTPFilesFileProvider.appex in Embed Foundation Extensions */ = {isa = PBXBuildFile; fileRef = 1392DB8B2E38232500C55169 /* SFTPFilesFileProvider.appex */; settings = {ATTRIBUTES = (RemoveHeadersOnCopy, ); }; };
		1392DBEB2E3826AD00C55169 /* mft.xcframework in Frameworks */ = {isa = PBXBuildFile; fileRef = 1392DBEA2E3826AD00C55169 /* mft.xcframework */; };
		1392DBEC2E3826AD00C55169 /* mft.xcframework in Embed Frameworks */ = {isa = PBXBuildFile; fileRef = 1392DBEA2E3826AD00C55169 /* mft.xcframework */; settings = {ATTRIBUTES = (CodeSignOnCopy, RemoveHeadersOnCopy, ); }; };
		1392DBEE2E3826CC00C55169 /* mft.xcframework in Frameworks */ = {isa = PBXBuildFile; fileRef = 1392DBEA2E3826AD00C55169 /* mft.xcframework */; };
		1392DBEF2E3826CC00C55169 /* mft.xcframework in Embed Frameworks */ = {isa = PBXBuildFile; fileRef = 1392DBEA2E3826AD00C55169 /* mft.xcframework */; settings = {ATTRIBUTES = (CodeSignOnCopy, RemoveHeadersOnCopy, ); }; };
/* End PBXBuildFile section */

/* Begin PBXContainerItemProxy section */
		1392DB6B2E3822C200C55169 /* PBXContainerItemProxy */ = {
			isa = PBXContainerItemProxy;
			containerPortal = 1392DB552E3822C100C55169 /* Project object */;
			proxyType = 1;
			remoteGlobalIDString = 1392DB5C2E3822C100C55169;
			remoteInfo = SFTPFiles;
		};
		1392DB752E3822C200C55169 /* PBXContainerItemProxy */ = {
			isa = PBXContainerItemProxy;
			containerPortal = 1392DB552E3822C100C55169 /* Project object */;
			proxyType = 1;
			remoteGlobalIDString = 1392DB5C2E3822C100C55169;
			remoteInfo = SFTPFiles;
		};
		1392DB982E38232500C55169 /* PBXContainerItemProxy */ = {
			isa = PBXContainerItemProxy;
			containerPortal = 1392DB552E3822C100C55169 /* Project object */;
			proxyType = 1;
			remoteGlobalIDString = 1392DB8A2E38232500C55169;
			remoteInfo = SFTPFilesFileProvider;
		};
/* End PBXContainerItemProxy section */

/* Begin PBXCopyFilesBuildPhase section */
		1392DB9F2E38232500C55169 /* Embed Foundation Extensions */ = {
			isa = PBXCopyFilesBuildPhase;
			buildActionMask = 2147483647;
			dstPath = "";
			dstSubfolderSpec = 13;
			files = (
				1392DB9A2E38232500C55169 /* SFTPFilesFileProvider.appex in Embed Foundation Extensions */,
			);
			name = "Embed Foundation Extensions";
			runOnlyForDeploymentPostprocessing = 0;
		};
		1392DBED2E3826AD00C55169 /* Embed Frameworks */ = {
			isa = PBXCopyFilesBuildPhase;
			buildActionMask = 2147483647;
			dstPath = "";
			dstSubfolderSpec = 10;
			files = (
				1392DBEC2E3826AD00C55169 /* mft.xcframework in Embed Frameworks */,
			);
			name = "Embed Frameworks";
			runOnlyForDeploymentPostprocessing = 0;
		};
		1392DBF02E3826CC00C55169 /* Embed Frameworks */ = {
			isa = PBXCopyFilesBuildPhase;
			buildActionMask = 2147483647;
			dstPath = "";
			dstSubfolderSpec = 10;
			files = (
				1392DBEF2E3826CC00C55169 /* mft.xcframework in Embed Frameworks */,
			);
			name = "Embed Frameworks";
			runOnlyForDeploymentPostprocessing = 0;
		};
/* End PBXCopyFilesBuildPhase section */

/* Begin PBXFileReference section */
		1392DB5D2E3822C100C55169 /* SFTPFiles.app */ = {isa = PBXFileReference; explicitFileType = wrapper.application; includeInIndex = 0; path = SFTPFiles.app; sourceTree = BUILT_PRODUCTS_DIR; };
		1392DB6A2E3822C200C55169 /* SFTPFilesTests.xctest */ = {isa = PBXFileReference; explicitFileType = wrapper.cfbundle; includeInIndex = 0; path = SFTPFilesTests.xctest; sourceTree = BUILT_PRODUCTS_DIR; };
		1392DB742E3822C200C55169 /* SFTPFilesUITests.xctest */ = {isa = PBXFileReference; explicitFileType = wrapper.cfbundle; includeInIndex = 0; path = SFTPFilesUITests.xctest; sourceTree = BUILT_PRODUCTS_DIR; };
		1392DB8B2E38232500C55169 /* SFTPFilesFileProvider.appex */ = {isa = PBXFileReference; explicitFileType = "wrapper.app-extension"; includeInIndex = 0; path = SFTPFilesFileProvider.appex; sourceTree = BUILT_PRODUCTS_DIR; };
		1392DB8D2E38232500C55169 /* UniformTypeIdentifiers.framework */ = {isa = PBXFileReference; lastKnownFileType = wrapper.framework; name = UniformTypeIdentifiers.framework; path = System/Library/Frameworks/UniformTypeIdentifiers.framework; sourceTree = SDKROOT; };
		1392DBEA2E3826AD00C55169 /* mft.xcframework */ = {isa = PBXFileReference; lastKnownFileType = wrapper.xcframework; name = mft.xcframework; path = "../../mft/mft 2025-07-28 22-28-21/mft.xcframework"; sourceTree = "<group>"; };
/* End PBXFileReference section */

/* Begin PBXFileSystemSynchronizedBuildFileExceptionSet section */
		1392DB9B2E38232500C55169 /* Exceptions for "SFTPFilesFileProvider" folder in "SFTPFilesFileProvider" target */ = {
			isa = PBXFileSystemSynchronizedBuildFileExceptionSet;
			membershipExceptions = (
				Info.plist,
			);
			target = 1392DB8A2E38232500C55169 /* SFTPFilesFileProvider */;
		};
		13C208362E38C762000E8845 /* Exceptions for "Shared" folder in "SFTPFilesFileProvider" target */ = {
			isa = PBXFileSystemSynchronizedBuildFileExceptionSet;
			membershipExceptions = (
				SharedModels.swift,
			);
			target = 1392DB8A2E38232500C55169 /* SFTPFilesFileProvider */;
		};
/* End PBXFileSystemSynchronizedBuildFileExceptionSet section */

/* Begin PBXFileSystemSynchronizedRootGroup section */
		1392DB5F2E3822C100C55169 /* SFTPFiles */ = {
			isa = PBXFileSystemSynchronizedRootGroup;
			path = SFTPFiles;
			sourceTree = "<group>";
		};
		1392DB6D2E3822C200C55169 /* SFTPFilesTests */ = {
			isa = PBXFileSystemSynchronizedRootGroup;
			path = SFTPFilesTests;
			sourceTree = "<group>";
		};
		1392DB772E3822C200C55169 /* SFTPFilesUITests */ = {
			isa = PBXFileSystemSynchronizedRootGroup;
			path = SFTPFilesUITests;
			sourceTree = "<group>";
		};
		1392DB8F2E38232500C55169 /* SFTPFilesFileProvider */ = {
			isa = PBXFileSystemSynchronizedRootGroup;
			exceptions = (
				1392DB9B2E38232500C55169 /* Exceptions for "SFTPFilesFileProvider" folder in "SFTPFilesFileProvider" target */,
			);
			path = SFTPFilesFileProvider;
			sourceTree = "<group>";
		};
		1392DBD92E3824C400C55169 /* Shared */ = {
			isa = PBXFileSystemSynchronizedRootGroup;
			exceptions = (
				13C208362E38C762000E8845 /* Exceptions for "Shared" folder in "SFTPFilesFileProvider" target */,
			);
			path = Shared;
			sourceTree = "<group>";
		};
/* End PBXFileSystemSynchronizedRootGroup section */

/* Begin PBXFrameworksBuildPhase section */
		1392DB5A2E3822C100C55169 /* Frameworks */ = {
			isa = PBXFrameworksBuildPhase;
			buildActionMask = 2147483647;
			files = (
				1392DBEE2E3826CC00C55169 /* mft.xcframework in Frameworks */,
			);
			runOnlyForDeploymentPostprocessing = 0;
		};
		1392DB672E3822C200C55169 /* Frameworks */ = {
			isa = PBXFrameworksBuildPhase;
			buildActionMask = 2147483647;
			files = (
			);
			runOnlyForDeploymentPostprocessing = 0;
		};
		1392DB712E3822C200C55169 /* Frameworks */ = {
			isa = PBXFrameworksBuildPhase;
			buildActionMask = 2147483647;
			files = (
			);
			runOnlyForDeploymentPostprocessing = 0;
		};
		1392DB882E38232500C55169 /* Frameworks */ = {
			isa = PBXFrameworksBuildPhase;
			buildActionMask = 2147483647;
			files = (
				1392DB8E2E38232500C55169 /* UniformTypeIdentifiers.framework in Frameworks */,
				1392DBEB2E3826AD00C55169 /* mft.xcframework in Frameworks */,
			);
			runOnlyForDeploymentPostprocessing = 0;
		};
/* End PBXFrameworksBuildPhase section */

/* Begin PBXGroup section */
		1392DB542E3822C100C55169 = {
			isa = PBXGroup;
			children = (
				1392DBD92E3824C400C55169 /* Shared */,
				1392DB5F2E3822C100C55169 /* SFTPFiles */,
				1392DB6D2E3822C200C55169 /* SFTPFilesTests */,
				1392DB772E3822C200C55169 /* SFTPFilesUITests */,
				1392DB8F2E38232500C55169 /* SFTPFilesFileProvider */,
				1392DB8C2E38232500C55169 /* Frameworks */,
				1392DB5E2E3822C100C55169 /* Products */,
			);
			sourceTree = "<group>";
		};
		1392DB5E2E3822C100C55169 /* Products */ = {
			isa = PBXGroup;
			children = (
				1392DB5D2E3822C100C55169 /* SFTPFiles.app */,
				1392DB6A2E3822C200C55169 /* SFTPFilesTests.xctest */,
				1392DB742E3822C200C55169 /* SFTPFilesUITests.xctest */,
				1392DB8B2E38232500C55169 /* SFTPFilesFileProvider.appex */,
			);
			name = Products;
			sourceTree = "<group>";
		};
		1392DB8C2E38232500C55169 /* Frameworks */ = {
			isa = PBXGroup;
			children = (
				1392DBEA2E3826AD00C55169 /* mft.xcframework */,
				1392DB8D2E38232500C55169 /* UniformTypeIdentifiers.framework */,
			);
			name = Frameworks;
			sourceTree = "<group>";
		};
/* End PBXGroup section */

/* Begin PBXNativeTarget section */
		1392DB5C2E3822C100C55169 /* SFTPFiles */ = {
			isa = PBXNativeTarget;
			buildConfigurationList = 1392DB7E2E3822C200C55169 /* Build configuration list for PBXNativeTarget "SFTPFiles" */;
			buildPhases = (
				1392DB592E3822C100C55169 /* Sources */,
				1392DB5A2E3822C100C55169 /* Frameworks */,
				1392DB5B2E3822C100C55169 /* Resources */,
				1392DB9F2E38232500C55169 /* Embed Foundation Extensions */,
				1392DBF02E3826CC00C55169 /* Embed Frameworks */,
			);
			buildRules = (
			);
			dependencies = (
				1392DB992E38232500C55169 /* PBXTargetDependency */,
			);
			fileSystemSynchronizedGroups = (
				1392DB5F2E3822C100C55169 /* SFTPFiles */,
				1392DBD92E3824C400C55169 /* Shared */,
			);
			name = SFTPFiles;
			packageProductDependencies = (
			);
			productName = SFTPFiles;
			productReference = 1392DB5D2E3822C100C55169 /* SFTPFiles.app */;
			productType = "com.apple.product-type.application";
		};
		1392DB692E3822C200C55169 /* SFTPFilesTests */ = {
			isa = PBXNativeTarget;
			buildConfigurationList = 1392DB812E3822C200C55169 /* Build configuration list for PBXNativeTarget "SFTPFilesTests" */;
			buildPhases = (
				1392DB662E3822C200C55169 /* Sources */,
				1392DB672E3822C200C55169 /* Frameworks */,
				1392DB682E3822C200C55169 /* Resources */,
			);
			buildRules = (
			);
			dependencies = (
				1392DB6C2E3822C200C55169 /* PBXTargetDependency */,
			);
			fileSystemSynchronizedGroups = (
				1392DB6D2E3822C200C55169 /* SFTPFilesTests */,
			);
			name = SFTPFilesTests;
			packageProductDependencies = (
			);
			productName = SFTPFilesTests;
			productReference = 1392DB6A2E3822C200C55169 /* SFTPFilesTests.xctest */;
			productType = "com.apple.product-type.bundle.unit-test";
		};
		1392DB732E3822C200C55169 /* SFTPFilesUITests */ = {
			isa = PBXNativeTarget;
			buildConfigurationList = 1392DB842E3822C200C55169 /* Build configuration list for PBXNativeTarget "SFTPFilesUITests" */;
			buildPhases = (
				1392DB702E3822C200C55169 /* Sources */,
				1392DB712E3822C200C55169 /* Frameworks */,
				1392DB722E3822C200C55169 /* Resources */,
			);
			buildRules = (
			);
			dependencies = (
				1392DB762E3822C200C55169 /* PBXTargetDependency */,
			);
			fileSystemSynchronizedGroups = (
				1392DB772E3822C200C55169 /* SFTPFilesUITests */,
			);
			name = SFTPFilesUITests;
			packageProductDependencies = (
			);
			productName = SFTPFilesUITests;
			productReference = 1392DB742E3822C200C55169 /* SFTPFilesUITests.xctest */;
			productType = "com.apple.product-type.bundle.ui-testing";
		};
		1392DB8A2E38232500C55169 /* SFTPFilesFileProvider */ = {
			isa = PBXNativeTarget;
			buildConfigurationList = 1392DB9C2E38232500C55169 /* Build configuration list for PBXNativeTarget "SFTPFilesFileProvider" */;
			buildPhases = (
				1392DB872E38232500C55169 /* Sources */,
				1392DB882E38232500C55169 /* Frameworks */,
				1392DB892E38232500C55169 /* Resources */,
				1392DBED2E3826AD00C55169 /* Embed Frameworks */,
			);
			buildRules = (
			);
			dependencies = (
			);
			fileSystemSynchronizedGroups = (
				1392DB8F2E38232500C55169 /* SFTPFilesFileProvider */,
			);
			name = SFTPFilesFileProvider;
			packageProductDependencies = (
			);
			productName = SFTPFilesFileProvider;
			productReference = 1392DB8B2E38232500C55169 /* SFTPFilesFileProvider.appex */;
			productType = "com.apple.product-type.app-extension";
		};
/* End PBXNativeTarget section */

/* Begin PBXProject section */
		1392DB552E3822C100C55169 /* Project object */ = {
			isa = PBXProject;
			attributes = {
				BuildIndependentTargetsInParallel = 1;
				LastSwiftUpdateCheck = 1640;
				LastUpgradeCheck = 1640;
				TargetAttributes = {
					1392DB5C2E3822C100C55169 = {
						CreatedOnToolsVersion = 16.4;
					};
					1392DB692E3822C200C55169 = {
						CreatedOnToolsVersion = 16.4;
						TestTargetID = 1392DB5C2E3822C100C55169;
					};
					1392DB732E3822C200C55169 = {
						CreatedOnToolsVersion = 16.4;
						TestTargetID = 1392DB5C2E3822C100C55169;
					};
					1392DB8A2E38232500C55169 = {
						CreatedOnToolsVersion = 16.4;
					};
				};
			};
			buildConfigurationList = 1392DB582E3822C100C55169 /* Build configuration list for PBXProject "SFTPFiles" */;
			developmentRegion = en;
			hasScannedForEncodings = 0;
			knownRegions = (
				en,
				Base,
			);
			mainGroup = 1392DB542E3822C100C55169;
			minimizedProjectReferenceProxies = 1;
			preferredProjectObjectVersion = 77;
			productRefGroup = 1392DB5E2E3822C100C55169 /* Products */;
			projectDirPath = "";
			projectRoot = "";
			targets = (
				1392DB5C2E3822C100C55169 /* SFTPFiles */,
				1392DB692E3822C200C55169 /* SFTPFilesTests */,
				1392DB732E3822C200C55169 /* SFTPFilesUITests */,
				1392DB8A2E38232500C55169 /* SFTPFilesFileProvider */,
			);
		};
/* End PBXProject section */

/* Begin PBXResourcesBuildPhase section */
		1392DB5B2E3822C100C55169 /* Resources */ = {
			isa = PBXResourcesBuildPhase;
			buildActionMask = 2147483647;
			files = (
			);
			runOnlyForDeploymentPostprocessing = 0;
		};
		1392DB682E3822C200C55169 /* Resources */ = {
			isa = PBXResourcesBuildPhase;
			buildActionMask = 2147483647;
			files = (
			);
			runOnlyForDeploymentPostprocessing = 0;
		};
		1392DB722E3822C200C55169 /* Resources */ = {
			isa = PBXResourcesBuildPhase;
			buildActionMask = 2147483647;
			files = (
			);
			runOnlyForDeploymentPostprocessing = 0;
		};
		1392DB892E38232500C55169 /* Resources */ = {
			isa = PBXResourcesBuildPhase;
			buildActionMask = 2147483647;
			files = (
			);
			runOnlyForDeploymentPostprocessing = 0;
		};
/* End PBXResourcesBuildPhase section */

/* Begin PBXSourcesBuildPhase section */
		1392DB592E3822C100C55169 /* Sources */ = {
			isa = PBXSourcesBuildPhase;
			buildActionMask = 2147483647;
			files = (
			);
			runOnlyForDeploymentPostprocessing = 0;
		};
		1392DB662E3822C200C55169 /* Sources */ = {
			isa = PBXSourcesBuildPhase;
			buildActionMask = 2147483647;
			files = (
			);
			runOnlyForDeploymentPostprocessing = 0;
		};
		1392DB702E3822C200C55169 /* Sources */ = {
			isa = PBXSourcesBuildPhase;
			buildActionMask = 2147483647;
			files = (
			);
			runOnlyForDeploymentPostprocessing = 0;
		};
		1392DB872E38232500C55169 /* Sources */ = {
			isa = PBXSourcesBuildPhase;
			buildActionMask = 2147483647;
			files = (
			);
			runOnlyForDeploymentPostprocessing = 0;
		};
/* End PBXSourcesBuildPhase section */

/* Begin PBXTargetDependency section */
		1392DB6C2E3822C200C55169 /* PBXTargetDependency */ = {
			isa = PBXTargetDependency;
			target = 1392DB5C2E3822C100C55169 /* SFTPFiles */;
			targetProxy = 1392DB6B2E3822C200C55169 /* PBXContainerItemProxy */;
		};
		1392DB762E3822C200C55169 /* PBXTargetDependency */ = {
			isa = PBXTargetDependency;
			target = 1392DB5C2E3822C100C55169 /* SFTPFiles */;
			targetProxy = 1392DB752E3822C200C55169 /* PBXContainerItemProxy */;
		};
		1392DB992E38232500C55169 /* PBXTargetDependency */ = {
			isa = PBXTargetDependency;
			target = 1392DB8A2E38232500C55169 /* SFTPFilesFileProvider */;
			targetProxy = 1392DB982E38232500C55169 /* PBXContainerItemProxy */;
		};
/* End PBXTargetDependency section */

/* Begin XCBuildConfiguration section */
		1392DB7C2E3822C200C55169 /* Debug */ = {
			isa = XCBuildConfiguration;
			buildSettings = {
				ALWAYS_SEARCH_USER_PATHS = NO;
				ASSETCATALOG_COMPILER_GENERATE_SWIFT_ASSET_SYMBOL_EXTENSIONS = YES;
				CLANG_ANALYZER_NONNULL = YES;
				CLANG_ANALYZER_NUMBER_OBJECT_CONVERSION = YES_AGGRESSIVE;
				CLANG_CXX_LANGUAGE_STANDARD = "gnu++20";
				CLANG_ENABLE_MODULES = YES;
				CLANG_ENABLE_OBJC_ARC = YES;
				CLANG_ENABLE_OBJC_WEAK = YES;
				CLANG_WARN_BLOCK_CAPTURE_AUTORELEASING = YES;
				CLANG_WARN_BOOL_CONVERSION = YES;
				CLANG_WARN_COMMA = YES;
				CLANG_WARN_CONSTANT_CONVERSION = YES;
				CLANG_WARN_DEPRECATED_OBJC_IMPLEMENTATIONS = YES;
				CLANG_WARN_DIRECT_OBJC_ISA_USAGE = YES_ERROR;
				CLANG_WARN_DOCUMENTATION_COMMENTS = YES;
				CLANG_WARN_EMPTY_BODY = YES;
				CLANG_WARN_ENUM_CONVERSION = YES;
				CLANG_WARN_INFINITE_RECURSION = YES;
				CLANG_WARN_INT_CONVERSION = YES;
				CLANG_WARN_NON_LITERAL_NULL_CONVERSION = YES;
				CLANG_WARN_OBJC_IMPLICIT_RETAIN_SELF = YES;
				CLANG_WARN_OBJC_LITERAL_CONVERSION = YES;
				CLANG_WARN_OBJC_ROOT_CLASS = YES_ERROR;
				CLANG_WARN_QUOTED_INCLUDE_IN_FRAMEWORK_HEADER = YES;
				CLANG_WARN_RANGE_LOOP_ANALYSIS = YES;
				CLANG_WARN_STRICT_PROTOTYPES = YES;
				CLANG_WARN_SUSPICIOUS_MOVE = YES;
				CLANG_WARN_UNGUARDED_AVAILABILITY = YES_AGGRESSIVE;
				CLANG_WARN_UNREACHABLE_CODE = YES;
				CLANG_WARN__DUPLICATE_METHOD_MATCH = YES;
				COPY_PHASE_STRIP = NO;
				DEBUG_INFORMATION_FORMAT = dwarf;
				DEVELOPMENT_TEAM = 693H6JQGD9;
				ENABLE_STRICT_OBJC_MSGSEND = YES;
				ENABLE_TESTABILITY = YES;
				ENABLE_USER_SCRIPT_SANDBOXING = YES;
				GCC_C_LANGUAGE_STANDARD = gnu17;
				GCC_DYNAMIC_NO_PIC = NO;
				GCC_NO_COMMON_BLOCKS = YES;
				GCC_OPTIMIZATION_LEVEL = 0;
				GCC_PREPROCESSOR_DEFINITIONS = (
					"DEBUG=1",
					"$(inherited)",
				);
				GCC_WARN_64_TO_32_BIT_CONVERSION = YES;
				GCC_WARN_ABOUT_RETURN_TYPE = YES_ERROR;
				GCC_WARN_UNDECLARED_SELECTOR = YES;
				GCC_WARN_UNINITIALIZED_AUTOS = YES_AGGRESSIVE;
				GCC_WARN_UNUSED_FUNCTION = YES;
				GCC_WARN_UNUSED_VARIABLE = YES;
				IPHONEOS_DEPLOYMENT_TARGET = 18.5;
				LOCALIZATION_PREFERS_STRING_CATALOGS = YES;
				MTL_ENABLE_DEBUG_INFO = INCLUDE_SOURCE;
				MTL_FAST_MATH = YES;
				ONLY_ACTIVE_ARCH = YES;
				SDKROOT = iphoneos;
				SWIFT_ACTIVE_COMPILATION_CONDITIONS = "DEBUG $(inherited)";
				SWIFT_OPTIMIZATION_LEVEL = "-Onone";
			};
			name = Debug;
		};
		1392DB7D2E3822C200C55169 /* Release */ = {
			isa = XCBuildConfiguration;
			buildSettings = {
				ALWAYS_SEARCH_USER_PATHS = NO;
				ASSETCATALOG_COMPILER_GENERATE_SWIFT_ASSET_SYMBOL_EXTENSIONS = YES;
				CLANG_ANALYZER_NONNULL = YES;
				CLANG_ANALYZER_NUMBER_OBJECT_CONVERSION = YES_AGGRESSIVE;
				CLANG_CXX_LANGUAGE_STANDARD = "gnu++20";
				CLANG_ENABLE_MODULES = YES;
				CLANG_ENABLE_OBJC_ARC = YES;
				CLANG_ENABLE_OBJC_WEAK = YES;
				CLANG_WARN_BLOCK_CAPTURE_AUTORELEASING = YES;
				CLANG_WARN_BOOL_CONVERSION = YES;
				CLANG_WARN_COMMA = YES;
				CLANG_WARN_CONSTANT_CONVERSION = YES;
				CLANG_WARN_DEPRECATED_OBJC_IMPLEMENTATIONS = YES;
				CLANG_WARN_DIRECT_OBJC_ISA_USAGE = YES_ERROR;
				CLANG_WARN_DOCUMENTATION_COMMENTS = YES;
				CLANG_WARN_EMPTY_BODY = YES;
				CLANG_WARN_ENUM_CONVERSION = YES;
				CLANG_WARN_INFINITE_RECURSION = YES;
				CLANG_WARN_INT_CONVERSION = YES;
				CLANG_WARN_NON_LITERAL_NULL_CONVERSION = YES;
				CLANG_WARN_OBJC_IMPLICIT_RETAIN_SELF = YES;
				CLANG_WARN_OBJC_LITERAL_CONVERSION = YES;
				CLANG_WARN_OBJC_ROOT_CLASS = YES_ERROR;
				CLANG_WARN_QUOTED_INCLUDE_IN_FRAMEWORK_HEADER = YES;
				CLANG_WARN_RANGE_LOOP_ANALYSIS = YES;
				CLANG_WARN_STRICT_PROTOTYPES = YES;
				CLANG_WARN_SUSPICIOUS_MOVE = YES;
				CLANG_WARN_UNGUARDED_AVAILABILITY = YES_AGGRESSIVE;
				CLANG_WARN_UNREACHABLE_CODE = YES;
				CLANG_WARN__DUPLICATE_METHOD_MATCH = YES;
				COPY_PHASE_STRIP = NO;
				DEBUG_INFORMATION_FORMAT = "dwarf-with-dsym";
				DEVELOPMENT_TEAM = 693H6JQGD9;
				ENABLE_NS_ASSERTIONS = NO;
				ENABLE_STRICT_OBJC_MSGSEND = YES;
				ENABLE_USER_SCRIPT_SANDBOXING = YES;
				GCC_C_LANGUAGE_STANDARD = gnu17;
				GCC_NO_COMMON_BLOCKS = YES;
				GCC_WARN_64_TO_32_BIT_CONVERSION = YES;
				GCC_WARN_ABOUT_RETURN_TYPE = YES_ERROR;
				GCC_WARN_UNDECLARED_SELECTOR = YES;
				GCC_WARN_UNINITIALIZED_AUTOS = YES_AGGRESSIVE;
				GCC_WARN_UNUSED_FUNCTION = YES;
				GCC_WARN_UNUSED_VARIABLE = YES;
				IPHONEOS_DEPLOYMENT_TARGET = 18.5;
				LOCALIZATION_PREFERS_STRING_CATALOGS = YES;
				MTL_ENABLE_DEBUG_INFO = NO;
				MTL_FAST_MATH = YES;
				SDKROOT = iphoneos;
				SWIFT_COMPILATION_MODE = wholemodule;
				VALIDATE_PRODUCT = YES;
			};
			name = Release;
		};
		1392DB7F2E3822C200C55169 /* Debug */ = {
			isa = XCBuildConfiguration;
			buildSettings = {
				ASSETCATALOG_COMPILER_APPICON_NAME = AppIcon;
				ASSETCATALOG_COMPILER_GLOBAL_ACCENT_COLOR_NAME = AccentColor;
				ASSETCATALOG_COMPILER_INCLUDE_ALL_APPICON_ASSETS = YES;
				CODE_SIGN_ENTITLEMENTS = SFTPFiles/SFTPFiles.entitlements;
				CODE_SIGN_STYLE = Automatic;
				CURRENT_PROJECT_VERSION = 1;
				DEVELOPMENT_TEAM = 693H6JQGD9;
				ENABLE_PREVIEWS = YES;
				GENERATE_INFOPLIST_FILE = YES;
				INFOPLIST_KEY_CFBundleDisplayName = SFTPFiles;
				INFOPLIST_KEY_LSApplicationCategoryType = "public.app-category.utilities";
				INFOPLIST_KEY_UIApplicationSceneManifest_Generation = YES;
				INFOPLIST_KEY_UIApplicationSupportsIndirectInputEvents = YES;
				INFOPLIST_KEY_UILaunchScreen_Generation = YES;
				INFOPLIST_KEY_UISupportedInterfaceOrientations_iPad = "UIInterfaceOrientationPortrait UIInterfaceOrientationPortraitUpsideDown UIInterfaceOrientationLandscapeLeft UIInterfaceOrientationLandscapeRight";
				INFOPLIST_KEY_UISupportedInterfaceOrientations_iPhone = "UIInterfaceOrientationPortrait UIInterfaceOrientationLandscapeLeft UIInterfaceOrientationLandscapeRight";
				LD_RUNPATH_SEARCH_PATHS = (
					"$(inherited)",
					"@executable_path/Frameworks",
				);
				MARKETING_VERSION = 1.0;
				PRODUCT_BUNDLE_IDENTIFIER = mansi.SFTPFiles;
				PRODUCT_NAME = "$(TARGET_NAME)";
				SUPPORTED_PLATFORMS = "iphoneos iphonesimulator";
				SUPPORTS_MACCATALYST = NO;
				SUPPORTS_MAC_DESIGNED_FOR_IPHONE_IPAD = NO;
				SUPPORTS_XR_DESIGNED_FOR_IPHONE_IPAD = NO;
				SWIFT_EMIT_LOC_STRINGS = YES;
				SWIFT_VERSION = 5.0;
				TARGETED_DEVICE_FAMILY = 1;
			};
			name = Debug;
		};
		1392DB802E3822C200C55169 /* Release */ = {
			isa = XCBuildConfiguration;
			buildSettings = {
				ASSETCATALOG_COMPILER_APPICON_NAME = AppIcon;
				ASSETCATALOG_COMPILER_GLOBAL_ACCENT_COLOR_NAME = AccentColor;
				ASSETCATALOG_COMPILER_INCLUDE_ALL_APPICON_ASSETS = YES;
				CODE_SIGN_ENTITLEMENTS = SFTPFiles/SFTPFiles.entitlements;
				CODE_SIGN_STYLE = Automatic;
				CURRENT_PROJECT_VERSION = 1;
				DEVELOPMENT_TEAM = 693H6JQGD9;
				ENABLE_PREVIEWS = YES;
				GENERATE_INFOPLIST_FILE = YES;
				INFOPLIST_KEY_CFBundleDisplayName = SFTPFiles;
				INFOPLIST_KEY_LSApplicationCategoryType = "public.app-category.utilities";
				INFOPLIST_KEY_UIApplicationSceneManifest_Generation = YES;
				INFOPLIST_KEY_UIApplicationSupportsIndirectInputEvents = YES;
				INFOPLIST_KEY_UILaunchScreen_Generation = YES;
				INFOPLIST_KEY_UISupportedInterfaceOrientations_iPad = "UIInterfaceOrientationPortrait UIInterfaceOrientationPortraitUpsideDown UIInterfaceOrientationLandscapeLeft UIInterfaceOrientationLandscapeRight";
				INFOPLIST_KEY_UISupportedInterfaceOrientations_iPhone = "UIInterfaceOrientationPortrait UIInterfaceOrientationLandscapeLeft UIInterfaceOrientationLandscapeRight";
				LD_RUNPATH_SEARCH_PATHS = (
					"$(inherited)",
					"@executable_path/Frameworks",
				);
				MARKETING_VERSION = 1.0;
				PRODUCT_BUNDLE_IDENTIFIER = mansi.SFTPFiles;
				PRODUCT_NAME = "$(TARGET_NAME)";
				SUPPORTED_PLATFORMS = "iphoneos iphonesimulator";
				SUPPORTS_MACCATALYST = NO;
				SUPPORTS_MAC_DESIGNED_FOR_IPHONE_IPAD = NO;
				SUPPORTS_XR_DESIGNED_FOR_IPHONE_IPAD = NO;
				SWIFT_EMIT_LOC_STRINGS = YES;
				SWIFT_VERSION = 5.0;
				TARGETED_DEVICE_FAMILY = 1;
			};
			name = Release;
		};
		1392DB822E3822C200C55169 /* Debug */ = {
			isa = XCBuildConfiguration;
			buildSettings = {
				BUNDLE_LOADER = "$(TEST_HOST)";
				CODE_SIGN_STYLE = Automatic;
				CURRENT_PROJECT_VERSION = 1;
				DEVELOPMENT_TEAM = 693H6JQGD9;
				GENERATE_INFOPLIST_FILE = YES;
				IPHONEOS_DEPLOYMENT_TARGET = 18.5;
				MARKETING_VERSION = 1.0;
				PRODUCT_BUNDLE_IDENTIFIER = mansi.SFTPFilesTests;
				PRODUCT_NAME = "$(TARGET_NAME)";
				SUPPORTED_PLATFORMS = "iphoneos iphonesimulator";
				SUPPORTS_MACCATALYST = NO;
				SUPPORTS_MAC_DESIGNED_FOR_IPHONE_IPAD = NO;
				SUPPORTS_XR_DESIGNED_FOR_IPHONE_IPAD = NO;
				SWIFT_EMIT_LOC_STRINGS = NO;
				SWIFT_VERSION = 5.0;
				TARGETED_DEVICE_FAMILY = 1;
				TEST_HOST = "$(BUILT_PRODUCTS_DIR)/SFTPFiles.app/$(BUNDLE_EXECUTABLE_FOLDER_PATH)/SFTPFiles";
			};
			name = Debug;
		};
		1392DB832E3822C200C55169 /* Release */ = {
			isa = XCBuildConfiguration;
			buildSettings = {
				BUNDLE_LOADER = "$(TEST_HOST)";
				CODE_SIGN_STYLE = Automatic;
				CURRENT_PROJECT_VERSION = 1;
				DEVELOPMENT_TEAM = 693H6JQGD9;
				GENERATE_INFOPLIST_FILE = YES;
				IPHONEOS_DEPLOYMENT_TARGET = 18.5;
				MARKETING_VERSION = 1.0;
				PRODUCT_BUNDLE_IDENTIFIER = mansi.SFTPFilesTests;
				PRODUCT_NAME = "$(TARGET_NAME)";
				SUPPORTED_PLATFORMS = "iphoneos iphonesimulator";
				SUPPORTS_MACCATALYST = NO;
				SUPPORTS_MAC_DESIGNED_FOR_IPHONE_IPAD = NO;
				SUPPORTS_XR_DESIGNED_FOR_IPHONE_IPAD = NO;
				SWIFT_EMIT_LOC_STRINGS = NO;
				SWIFT_VERSION = 5.0;
				TARGETED_DEVICE_FAMILY = 1;
				TEST_HOST = "$(BUILT_PRODUCTS_DIR)/SFTPFiles.app/$(BUNDLE_EXECUTABLE_FOLDER_PATH)/SFTPFiles";
			};
			name = Release;
		};
		1392DB852E3822C200C55169 /* Debug */ = {
			isa = XCBuildConfiguration;
			buildSettings = {
				CODE_SIGN_STYLE = Automatic;
				CURRENT_PROJECT_VERSION = 1;
				DEVELOPMENT_TEAM = 693H6JQGD9;
				GENERATE_INFOPLIST_FILE = YES;
				MARKETING_VERSION = 1.0;
				PRODUCT_BUNDLE_IDENTIFIER = mansi.SFTPFilesUITests;
				PRODUCT_NAME = "$(TARGET_NAME)";
				SUPPORTED_PLATFORMS = "iphoneos iphonesimulator";
				SUPPORTS_MACCATALYST = NO;
				SUPPORTS_MAC_DESIGNED_FOR_IPHONE_IPAD = NO;
				SUPPORTS_XR_DESIGNED_FOR_IPHONE_IPAD = NO;
				SWIFT_EMIT_LOC_STRINGS = NO;
				SWIFT_VERSION = 5.0;
				TARGETED_DEVICE_FAMILY = 1;
				TEST_TARGET_NAME = SFTPFiles;
			};
			name = Debug;
		};
		1392DB862E3822C200C55169 /* Release */ = {
			isa = XCBuildConfiguration;
			buildSettings = {
				CODE_SIGN_STYLE = Automatic;
				CURRENT_PROJECT_VERSION = 1;
				DEVELOPMENT_TEAM = 693H6JQGD9;
				GENERATE_INFOPLIST_FILE = YES;
				MARKETING_VERSION = 1.0;
				PRODUCT_BUNDLE_IDENTIFIER = mansi.SFTPFilesUITests;
				PRODUCT_NAME = "$(TARGET_NAME)";
				SUPPORTED_PLATFORMS = "iphoneos iphonesimulator";
				SUPPORTS_MACCATALYST = NO;
				SUPPORTS_MAC_DESIGNED_FOR_IPHONE_IPAD = NO;
				SUPPORTS_XR_DESIGNED_FOR_IPHONE_IPAD = NO;
				SWIFT_EMIT_LOC_STRINGS = NO;
				SWIFT_VERSION = 5.0;
				TARGETED_DEVICE_FAMILY = 1;
				TEST_TARGET_NAME = SFTPFiles;
			};
			name = Release;
		};
		1392DB9D2E38232500C55169 /* Debug */ = {
			isa = XCBuildConfiguration;
			buildSettings = {
				CODE_SIGN_ENTITLEMENTS = SFTPFilesFileProvider/SFTPFilesFileProvider.entitlements;
				CODE_SIGN_STYLE = Automatic;
				CURRENT_PROJECT_VERSION = 1;
				DEVELOPMENT_TEAM = 693H6JQGD9;
				GENERATE_INFOPLIST_FILE = YES;
				INFOPLIST_FILE = SFTPFilesFileProvider/Info.plist;
				INFOPLIST_KEY_CFBundleDisplayName = SFTPFilesFileProvider;
				INFOPLIST_KEY_NSHumanReadableCopyright = "";
				LD_RUNPATH_SEARCH_PATHS = (
					"$(inherited)",
					"@executable_path/Frameworks",
					"@executable_path/../../Frameworks",
				);
				MARKETING_VERSION = 1.0;
				PRODUCT_BUNDLE_IDENTIFIER = mansi.SFTPFiles.SFTPFilesFileProvider;
				PRODUCT_NAME = "$(TARGET_NAME)";
				SKIP_INSTALL = YES;
				SUPPORTED_PLATFORMS = "iphoneos iphonesimulator";
				SUPPORTS_MACCATALYST = NO;
				SUPPORTS_MAC_DESIGNED_FOR_IPHONE_IPAD = NO;
				SUPPORTS_XR_DESIGNED_FOR_IPHONE_IPAD = NO;
				SWIFT_EMIT_LOC_STRINGS = YES;
				SWIFT_VERSION = 5.0;
				TARGETED_DEVICE_FAMILY = 1;
			};
			name = Debug;
		};
		1392DB9E2E38232500C55169 /* Release */ = {
			isa = XCBuildConfiguration;
			buildSettings = {
				CODE_SIGN_ENTITLEMENTS = SFTPFilesFileProvider/SFTPFilesFileProvider.entitlements;
				CODE_SIGN_STYLE = Automatic;
				CURRENT_PROJECT_VERSION = 1;
				DEVELOPMENT_TEAM = 693H6JQGD9;
				GENERATE_INFOPLIST_FILE = YES;
				INFOPLIST_FILE = SFTPFilesFileProvider/Info.plist;
				INFOPLIST_KEY_CFBundleDisplayName = SFTPFilesFileProvider;
				INFOPLIST_KEY_NSHumanReadableCopyright = "";
				LD_RUNPATH_SEARCH_PATHS = (
					"$(inherited)",
					"@executable_path/Frameworks",
					"@executable_path/../../Frameworks",
				);
				MARKETING_VERSION = 1.0;
				PRODUCT_BUNDLE_IDENTIFIER = mansi.SFTPFiles.SFTPFilesFileProvider;
				PRODUCT_NAME = "$(TARGET_NAME)";
				SKIP_INSTALL = YES;
				SUPPORTED_PLATFORMS = "iphoneos iphonesimulator";
				SUPPORTS_MACCATALYST = NO;
				SUPPORTS_MAC_DESIGNED_FOR_IPHONE_IPAD = NO;
				SUPPORTS_XR_DESIGNED_FOR_IPHONE_IPAD = NO;
				SWIFT_EMIT_LOC_STRINGS = YES;
				SWIFT_VERSION = 5.0;
				TARGETED_DEVICE_FAMILY = 1;
			};
			name = Release;
		};
/* End XCBuildConfiguration section */

/* Begin XCConfigurationList section */
		1392DB582E3822C100C55169 /* Build configuration list for PBXProject "SFTPFiles" */ = {
			isa = XCConfigurationList;
			buildConfigurations = (
				1392DB7C2E3822C200C55169 /* Debug */,
				1392DB7D2E3822C200C55169 /* Release */,
			);
			defaultConfigurationIsVisible = 0;
			defaultConfigurationName = Release;
		};
		1392DB7E2E3822C200C55169 /* Build configuration list for PBXNativeTarget "SFTPFiles" */ = {
			isa = XCConfigurationList;
			buildConfigurations = (
				1392DB7F2E3822C200C55169 /* Debug */,
				1392DB802E3822C200C55169 /* Release */,
			);
			defaultConfigurationIsVisible = 0;
			defaultConfigurationName = Release;
		};
		1392DB812E3822C200C55169 /* Build configuration list for PBXNativeTarget "SFTPFilesTests" */ = {
			isa = XCConfigurationList;
			buildConfigurations = (
				1392DB822E3822C200C55169 /* Debug */,
				1392DB832E3822C200C55169 /* Release */,
			);
			defaultConfigurationIsVisible = 0;
			defaultConfigurationName = Release;
		};
		1392DB842E3822C200C55169 /* Build configuration list for PBXNativeTarget "SFTPFilesUITests" */ = {
			isa = XCConfigurationList;
			buildConfigurations = (
				1392DB852E3822C200C55169 /* Debug */,
				1392DB862E3822C200C55169 /* Release */,
			);
			defaultConfigurationIsVisible = 0;
			defaultConfigurationName = Release;
		};
		1392DB9C2E38232500C55169 /* Build configuration list for PBXNativeTarget "SFTPFilesFileProvider" */ = {
			isa = XCConfigurationList;
			buildConfigurations = (
				1392DB9D2E38232500C55169 /* Debug */,
				1392DB9E2E38232500C55169 /* Release */,
			);
			defaultConfigurationIsVisible = 0;
			defaultConfigurationName = Release;
		};
/* End XCConfigurationList section */
	};
	rootObject = 1392DB552E3822C100C55169 /* Project object */;
}
